Microsoft Visual Studio Solution File, Format Version 12.00
# Visual Studio Version 17
VisualStudioVersion = 17.0.31903.59
MinimumVisualStudioVersion = 10.0.40219.1
Project("{D8652B76-2E24-40C0-90BF-A2434CB3EC5B}") = "Project_666e403a2a7e408c820075f718e1ea4b_20250601200320284570", "Project_666e403a2a7e408c820075f718e1ea4b_20250601200320284570.csproj", "{D8652B76-2E24-40C0-90BF-A2434CB3EC5B}"
EndProject
Global
    GlobalSection(SolutionConfigurationPlatforms) = preSolution
        Debug|Any CPU = Debug|Any CPU
        Release|Any CPU = Release|Any CPU
    EndGlobalSection
    GlobalSection(ProjectConfigurationPlatforms) = postSolution
        {D8652B76-2E24-40C0-90BF-A2434CB3EC5B}.Debug|Any CPU.ActiveCfg = Debug|Any CPU
        {D8652B76-2E24-40C0-90BF-A2434CB3EC5B}.Debug|Any CPU.Build.0 = Debug|Any CPU
        {D8652B76-2E24-40C0-90BF-A2434CB3EC5B}.Release|Any CPU.ActiveCfg = Release|Any CPU
        {D8652B76-2E24-40C0-90BF-A2434CB3EC5B}.Release|Any CPU.Build.0 = Release|Any CPU
    EndGlobalSection
EndGlobal